# This file is automatically @generated by Cargo.
# It is not intended for manual editing.
version = 4

[[package]]
name = "boundless-auth"
version = "0.0.0"

[[package]]
name = "boundless-crypto"
version = "0.0.0"

[[package]]
name = "boundless-domain"
version = "0.0.0"

[[package]]
name = "boundless-ffi-kotlin"
version = "0.0.0"

[[package]]
name = "boundless-ffi-swift"
version = "0.0.0"

[[package]]
name = "boundless-ffi-wasm"
version = "0.0.0"

[[package]]
name = "boundless-server-core"
version = "0.0.0"

[[package]]
name = "boundless-sync"
version = "0.0.0"
