# Boundless binding-drift lock — DO NOT EDIT BY HAND.
# Regenerated by scripts/generate-bindings.sh; verified by scripts/check-binding-drift.sh.
# sha256 of contract inputs (api/ + core/) and generated outputs (api/generated/).
[inputs]
6396620b859c7c04d68edbd35eaeb42406c6737eafdb95f5b1b7aee8910af7cd  api/boundless.proto
950150a2a5561cdeb445daffaf1214448d8079f30586c658513c584b92e93f01  api/openapi.yaml
7764a535c8eb4d7a5f1e5149f6416e0f24afaf9575ff997ce4ee0f61361935eb  core/Cargo.lock
9be59bb567155846e3110daf5d2bc3165bc3b80989946b6ef68b46b3a4b3e4c7  core/Cargo.toml
9088ac802f24f37abfbe1787fc02a251d68eff427e8a12e40756e5257185cd7e  core/auth/Cargo.toml
2fde98f23b298e216313f27c55b1d0b99e60a0d71e9f958d5b1629292a14a8b3  core/auth/src/clock.rs
53ef61a7b00d56e4bbae9a93bbd3c723c5e15d5b212a6bbc9eadbc6cff21dde9  core/auth/src/code.rs
8f0659691a775ce113c6a114c2c6802eeefde71a866977362c0014e29735d1f0  core/auth/src/device.rs
0eee8563521656ba2dfa08ae921cf4783ed44aa6f7b5a83a49532957c575bacb  core/auth/src/lib.rs
d49150a035b8412fab32343bb5e894a3966db2890765bf22380df4912831ef0d  core/auth/src/session.rs
61ee4c8baa04f1b502f7910b3e6f4574a9716fc8cfd5a20400c0f8d2081d344d  core/auth/src/state.rs
623c97cf5b1e722b1fb474b0f5ee12814ffd49b7ce5959586c9f6680a8cad954  core/auth/src/version.rs
f527915593f63e4475303f8455581a8aba9690c9cc4fe60835629d503d0cfbed  core/auth/tests/code.rs
d90eaf45dc5fb43c63a2e2c5f7fa5a66bd6a7dab2e79e8011c3bc32fca0cfad8  core/auth/tests/device.rs
a9334363499a90cfef88a297424a5469aaab95ad11a41962c1c5843d9e611d18  core/auth/tests/error_codes.rs
60018846094c3521e7b3f27cdb572cee54deb67b1944929ffb60fcaaf8180d47  core/auth/tests/session.rs
87d20db3d241c16884a183c0d8655c19b32baea29bfd8199479ed683a71bad15  core/auth/tests/state.rs
78d730649153eed9d767bdc821c1684e3e34fb620bf5cc3e9732eed2d830468f  core/auth/tests/version.rs
d63a1ab63f236f4e7242a77e8bdea262453fdc5d19eee29a282165bb39a021e9  core/crypto/Cargo.toml
f3760757948c81f855c073b5db6b1dc444d4373cabb94cef07a13ea23ab0ccdf  core/crypto/src/hashing.rs
c5316b70c415b901c1f0046722765f5e4bc9ed08d58d601e8a7368216ec8f18a  core/crypto/src/lib.rs
687db2faa1a7918e96ff9c9c4d0aeb9e067ddfee8be46c725c67315b84f44159  core/crypto/src/manifest.rs
6b622d8f80d03a591d7661b73f2cb7531bec4dea1a4a2ff4e8bbfb5e2340382b  core/crypto/tests/invariants.rs
62cfc810e6672d97073dfba319ebcd5146e96923daa00fe8fe19c360872c93ab  core/domain/Cargo.toml
f7ec071b70c7f3c2b510a6262a6bcc84873654f04af9b7a5fa0e80df274eb5ae  core/domain/src/ids.rs
73870b1d7a782827082c759fe5b0beb8db151905087863479754717d4bee5733  core/domain/src/lib.rs
0e7286cec0de117dac61735616601c237560381ae73b965e4e7c9cb8784df71f  core/domain/src/platform.rs
3fd0642ae1c0106a5f367a5d5b727b1e24a39771d9bc5469a006ab8db44d45ed  core/domain/src/role.rs
53c30960793cedf373665feb8e4954a3d3ef0becf0c8c216dc03d8658e3cac6c  core/domain/src/tainted.rs
168d0fbdd3d5ea90602b884557a26f283c7c81fc7b6c60a006cae180b686162b  core/domain/src/version.rs
3c6720dbda8b250d20c06240da54d968caee54fa8032c3bb2baf6a98625b9d19  core/domain/tests/fixtures_wellformed.rs
3c069a60fd908e83abac502bb20fc039b6a8f3ae79289b5fcefbb85b361d2e98  core/domain/tests/serialization_snapshots.rs
4aa800a85902fc345b7df97956ff9af2a23da91a68c8807bd6b9e12f9c04a9c0  core/ffi-kotlin/Cargo.toml
1d058a36dfc1d1be3d2a006860043c2df60fac039a27b8152277295eab8457a3  core/ffi-kotlin/src/lib.rs
c2f8bf015a6368d962f84941904f0e87a58e818091db36e8306d4fc62b29e7c3  core/ffi-swift/Cargo.toml
da77e7de27d5c16c5b3c634f064df27b2c82ffd426af4a82dceb2dcc47fefe72  core/ffi-swift/src/lib.rs
8d10f557871255bc626bbc3213966b57f7ffd3476355b2526b4d97f3fbf6439b  core/ffi-wasm/Cargo.toml
1ee840ee554bad4702a61ba0e41ed6e22fb8abe4079bf149378b0e42897b24da  core/ffi-wasm/src/lib.rs
2867985f996489ca76415c6f41af46fbbc103d7dab7b5c6a61ef18a7f402ab72  core/server/Cargo.toml
407654a95be92dfcef69cbc0e1f15409c899373222fac602ef85314bbdca992a  core/server/src/alerts.rs
a8e8073a2bff5b799f74c2e5a26ef978dc70bc54096ed7d226d258f8105757d4  core/server/src/bind.rs
f1728852554a741b9cf61685e5232c8c7ee0c8bfd35c9c43690373a379525677  core/server/src/hub.rs
bf29ed7002f847a31136337713ebab00f998147e7bd88dab777c8bd2f37faaac  core/server/src/lib.rs
f257970bc7000d0405f8e8d6d0d6aca96bf5b365559a25b8a1732347cf30dbfb  core/server/src/phone.rs
6a84cfdac98f309d38136ad43f6a3e46ba627348510f3bb1ec4d2f6005512667  core/server/src/ports.rs
5b6d440432cae1101bd5ca28d733594a571eaa60b6f488f2d677379d9e6a7733  core/server/src/recovery.rs
9a3439a4509d77433a855ae3a42fe7335e07d1036b17025bfc212e439fef2148  core/server/src/refresh.rs
4dac47b46529c0663bc4138e045f78740c75f843d51f742ad5096488db4e6ec8  core/server/src/service.rs
de2ac38bea20914ee8e3cd3924689bfb28ff0df1134412f3c781015e39bc8d2d  core/server/src/signin.rs
aa8a7884824d7012e2f0ba8952d46a6c195a5cf21f3306695fa02b375dee23ea  core/server/tests/bind.rs
49166d9c3105c56039af890297a5d9d5329b3c0ba3567c7ea82fc1d10220ca22  core/server/tests/common/mod.rs
37d17a608b6537c937bf31d6505016b67fd8bc1cac431b5673357949b977932b  core/server/tests/error_codes.rs
1332535107fe2877d4370698826835915211de67a0926634bfefa6288c27bf26  core/server/tests/hub_alerts.rs
319fc8118d862c5613d2fe42895e39cab3561b5f641c0d8fc430f59286839128  core/server/tests/no_formatter.rs
b6c3647e0907433f88318df2abafaf751e9c1f6c4a380052567a0e5375445f47  core/server/tests/phone.rs
23492a8de684755ddd6cd2a3b7d78eed7dfd54c520bbbace4849ac6e4da78616  core/server/tests/properties.rs
6fbec4eaed31c658cb9b6b1c88a76f1a72ab8b44883dc4e173381295fc3b089d  core/server/tests/recovery.rs
04fca2512890ce2887976cdff9b0568261d02f2982dcdc7dc0fba94e53666f49  core/server/tests/refresh.rs
034d949121115840251a79ed9487ecd3d663739ec2ccc94aa75a21a8af330038  core/server/tests/signin.rs
8fcad68a5439fd052c7747682eff2880ee9890ae3377752ec4908c96470b9e5b  core/sync/Cargo.toml
f33e29775c1bf34e89b8c03316acaa337a015dfde807885f47d5a4b4299769d8  core/sync/src/lib.rs
[outputs]
1d1a3eeb60adcfe7ed5370374b12e96675d518ecdc1707d26af3db72c0bdf41a  api/generated/README.md
feddf7a1e51c585e7d1ac118da8c2f3260c71cf575da294894063cd64ad69162  api/generated/kotlin/.gitkeep
a0bb7208e1945ea589ec72b787a17763fcf5db9ef3970d3b13985f2ab62cdfed  api/generated/swift/.gitkeep
c9846a5b50278b7d8de7adb4a2d339178a459f2415b8663a4896c7ff397043e1  api/generated/typescript/.gitkeep
