# Boundless binding-drift lock — DO NOT EDIT BY HAND.
# Regenerated by scripts/generate-bindings.sh; verified by scripts/check-binding-drift.sh.
# sha256 of contract inputs (api/ + core/) and generated outputs (api/generated/).
[inputs]
6396620b859c7c04d68edbd35eaeb42406c6737eafdb95f5b1b7aee8910af7cd  api/boundless.proto
950150a2a5561cdeb445daffaf1214448d8079f30586c658513c584b92e93f01  api/openapi.yaml
6c43876775f2bd295938ccc3bed9bd37ea15bddec639878418e04e5b810c4898  core/Cargo.lock
e286e68c484ef0a96ce153bf48b744f307db976bad44914304645ef1e890a8f8  core/Cargo.toml
793904ac795dce3365cf0c83c676e45089ab7b728779b18d3446756765eaa97e  core/auth/Cargo.toml
e32f61df8cd9b4fa17c632feb3ff29c96d3f53b2cbccb270af61d02d77ea7c8a  core/auth/src/lib.rs
398711bfe7b4b586022edbc0533a3b23d9b135a5fcf818ee8e4606567b1a29d4  core/crypto/Cargo.toml
437478b5a17b2d608880cd01d89bcd6460a7f9c21c17831e697f3ee3b5cda70a  core/crypto/src/lib.rs
c1808501d047408511f61407b29e1f744be20680682f688f55c202c1df5169ab  core/domain/Cargo.toml
0444e975a70f5603f3586e415059aa1d6764becd3ff05bced7b866c1cd5dc808  core/domain/src/lib.rs
4aa800a85902fc345b7df97956ff9af2a23da91a68c8807bd6b9e12f9c04a9c0  core/ffi-kotlin/Cargo.toml
1d058a36dfc1d1be3d2a006860043c2df60fac039a27b8152277295eab8457a3  core/ffi-kotlin/src/lib.rs
c2f8bf015a6368d962f84941904f0e87a58e818091db36e8306d4fc62b29e7c3  core/ffi-swift/Cargo.toml
da77e7de27d5c16c5b3c634f064df27b2c82ffd426af4a82dceb2dcc47fefe72  core/ffi-swift/src/lib.rs
8d10f557871255bc626bbc3213966b57f7ffd3476355b2526b4d97f3fbf6439b  core/ffi-wasm/Cargo.toml
1ee840ee554bad4702a61ba0e41ed6e22fb8abe4079bf149378b0e42897b24da  core/ffi-wasm/src/lib.rs
7de6f6073ad92f933d598a68d2305f908de58d92bbb372343d6fa726b2f4aaea  core/server/Cargo.toml
739b11241022a873f6bbac25d31b9369062620c05de8a3a22168ebd56a7ff151  core/server/src/lib.rs
8fcad68a5439fd052c7747682eff2880ee9890ae3377752ec4908c96470b9e5b  core/sync/Cargo.toml
f33e29775c1bf34e89b8c03316acaa337a015dfde807885f47d5a4b4299769d8  core/sync/src/lib.rs
[outputs]
1d1a3eeb60adcfe7ed5370374b12e96675d518ecdc1707d26af3db72c0bdf41a  api/generated/README.md
feddf7a1e51c585e7d1ac118da8c2f3260c71cf575da294894063cd64ad69162  api/generated/kotlin/.gitkeep
a0bb7208e1945ea589ec72b787a17763fcf5db9ef3970d3b13985f2ab62cdfed  api/generated/swift/.gitkeep
c9846a5b50278b7d8de7adb4a2d339178a459f2415b8663a4896c7ff397043e1  api/generated/typescript/.gitkeep
